
Microsoft Visual Studio Solution File, Format Version 12.00
# Visual Studio Version 16
VisualStudioVersion = 16.0.30523.141
MinimumVisualStudioVersion = 10.0.40219.1
Project("{FAE04EC0-301F-11D3-BF4B-00C04F79EFBC}") = "DataAccount", "DataAccount\DataAccount.csproj", "{C0B44980-2ACF-4F63-9DF3-5B7C7191154E}"
EndProject
Global
	GlobalSection(SolutionConfigurationPlatforms) = preSolution
		Debug|Any CPU = Debug|Any CPU
		Release|Any CPU = Release|Any CPU
	EndGlobalSection
	GlobalSection(ProjectConfigurationPlatforms) = postSolution
		{C0B44980-2ACF-4F63-9DF3-5B7C7191154E}.Debug|Any CPU.ActiveCfg = Debug|Any CPU
		{C0B44980-2ACF-4F63-9DF3-5B7C7191154E}.Debug|Any CPU.Build.0 = Debug|Any CPU
		{C0B44980-2ACF-4F63-9DF3-5B7C7191154E}.Release|Any CPU.ActiveCfg = Release|Any CPU
		{C0B44980-2ACF-4F63-9DF3-5B7C7191154E}.Release|Any CPU.Build.0 = Release|Any CPU
	EndGlobalSection
	GlobalSection(SolutionProperties) = preSolution
		HideSolutionNode = FALSE
	EndGlobalSection
	GlobalSection(ExtensibilityGlobals) = postSolution
		SolutionGuid = {5E308E72-C2A8-40C0-AEE1-3B1181A6DC7F}
	EndGlobalSection
EndGlobal
